# THIS IS AN AUTOGENERATED FILE. DO NOT EDIT THIS FILE DIRECTLY.
# yarn lockfile v1


"@textlint/ast-node-types@^4.2.1":
  version "4.2.1"
  resolved "https://registry.yarnpkg.com/@textlint/ast-node-types/-/ast-node-types-4.2.1.tgz#978fa10e23468114462fc08ef29f96980c12a8ef"
  integrity sha512-Pqg1LTJpF929Ovi/lCaPqlyz8yDwBFbQulC0jyQcbRAoTxYS4AZMc48Ug2yk0so5hISQXKrlAxyVBmBVl9EKGA==

"@textlint/markdown-to-ast@^6.1.2":
  version "6.1.2"
  resolved "https://registry.yarnpkg.com/@textlint/markdown-to-ast/-/markdown-to-ast-6.1.2.tgz#ecd578982ac29412df8d4e139a70f5fc24117f95"
  integrity sha512-we9n29GfopUUA0j91xRVQ75ME5YhdnWQZcjfpXQK98DQ//xwVzteMuZe1Og8CArA/aDoTRq0EYFkN2oGu3v20Q==
  dependencies:
    "@textlint/ast-node-types" "^4.2.1"
    debug "^4.1.1"
    remark-frontmatter "^1.2.0"
    remark-parse "^5.0.0"
    structured-source "^3.0.2"
    traverse "^0.6.6"
    unified "^6.1.6"

"@types/events@*":
  version "3.0.0"
  resolved "https://registry.yarnpkg.com/@types/events/-/events-3.0.0.tgz#2862f3f58a9a7f7c3e78d79f130dd4d71c25c2a7"
  integrity sha512-EaObqwIvayI5a8dCzhFrjKzVwKLxjoG9T6Ppd5CEo07LRKfQ8Yokw54r5+Wq7FaBQ+yXRvQAYPrHwya1/UFt9g==

"@types/glob@^7.1.1":
  version "7.1.1"
  resolved "https://registry.yarnpkg.com/@types/glob/-/glob-7.1.1.tgz#aa59a1c6e3fbc421e07ccd31a944c30eba521575"
  integrity sha512-1Bh06cbWJUHMC97acuD6UMG29nMt0Aqz1vF3guLfG+kHHJhy3AyohZFFxYk2f7Q1SQIrNwvncxAE0N/9s70F2w==
  dependencies:
    "@types/events" "*"
    "@types/minimatch" "*"
    "@types/node" "*"

"@types/minimatch@*":
  version "3.0.3"
  resolved "https://registry.yarnpkg.com/@types/minimatch/-/minimatch-3.0.3.tgz#3dca0e3f33b200fc7d1139c0cd96c1268cadfd9d"
  integrity sha512-tHq6qdbT9U1IRSGf14CL0pUlULksvY9OZ+5eEgl1N7t+OA3tGvNpxJCzuKQlsNgCVwbAs670L1vcVQi8j9HjnA==

"@types/node@*", "@types/node@^11.13.8":
  version "11.13.8"
  resolved "https://registry.yarnpkg.com/@types/node/-/node-11.13.8.tgz#e5d71173c95533be9842b2c798978f095f912aab"
  integrity sha512-szA3x/3miL90ZJxUCzx9haNbK5/zmPieGraZEe4WI+3srN0eGLiT22NXeMHmyhNEopn+IrxqMc7wdVwvPl8meg==

bail@^1.0.0:
  version "1.0.3"
  resolved "https://registry.yarnpkg.com/bail/-/bail-1.0.3.tgz#63cfb9ddbac829b02a3128cd53224be78e6c21a3"
  integrity sha512-1X8CnjFVQ+a+KW36uBNMTU5s8+v5FzeqrP7hTG5aTb4aPreSbZJlhwPon9VKMuEVgV++JM+SQrALY3kr7eswdg==

balanced-match@^1.0.0:
  version "1.0.0"
  resolved "https://registry.yarnpkg.com/balanced-match/-/balanced-match-1.0.0.tgz#89b4d199ab2bee49de164ea02b89ce462d71b767"
  integrity sha1-ibTRmasr7kneFk6gK4nORi1xt2c=

boundary@^1.0.1:
  version "1.0.1"
  resolved "https://registry.yarnpkg.com/boundary/-/boundary-1.0.1.tgz#4d67dc2602c0cc16dd9bce7ebf87e948290f5812"
  integrity sha1-TWfcJgLAzBbdm85+v4fpSCkPWBI=

brace-expansion@^1.1.7:
  version "1.1.11"
  resolved "https://registry.yarnpkg.com/brace-expansion/-/brace-expansion-1.1.11.tgz#3c7fcbf529d87226f3d2f52b966ff5271eb441dd"
  integrity sha512-iCuPHDFgrHX7H2vEI/5xpz07zSHB00TpugqhmYtVmMO6518mCuRMoOYFldEBl0g187ufozdaHgWKcYFb61qGiA==
  dependencies:
    balanced-match "^1.0.0"
    concat-map "0.0.1"

character-entities-legacy@^1.0.0:
  version "1.1.2"
  resolved "https://registry.yarnpkg.com/character-entities-legacy/-/character-entities-legacy-1.1.2.tgz#7c6defb81648498222c9855309953d05f4d63a9c"
  integrity sha512-9NB2VbXtXYWdXzqrvAHykE/f0QJxzaKIpZ5QzNZrrgQ7Iyxr2vnfS8fCBNVW9nUEZE0lo57nxKRqnzY/dKrwlA==

character-entities@^1.0.0:
  version "1.2.2"
  resolved "https://registry.yarnpkg.com/character-entities/-/character-entities-1.2.2.tgz#58c8f371c0774ef0ba9b2aca5f00d8f100e6e363"
  integrity sha512-sMoHX6/nBiy3KKfC78dnEalnpn0Az0oSNvqUWYTtYrhRI5iUIYsROU48G+E+kMFQzqXaJ8kHJZ85n7y6/PHgwQ==

character-reference-invalid@^1.0.0:
  version "1.1.2"
  resolved "https://registry.yarnpkg.com/character-reference-invalid/-/character-reference-invalid-1.1.2.tgz#21e421ad3d84055952dab4a43a04e73cd425d3ed"
  integrity sha512-7I/xceXfKyUJmSAn/jw8ve/9DyOP7XxufNYLI9Px7CmsKgEUaZLUTax6nZxGQtaoiZCjpu6cHPj20xC/vqRReQ==

collapse-white-space@^1.0.2:
  version "1.0.4"
  resolved "https://registry.yarnpkg.com/collapse-white-space/-/collapse-white-space-1.0.4.tgz#ce05cf49e54c3277ae573036a26851ba430a0091"
  integrity sha512-YfQ1tAUZm561vpYD+5eyWN8+UsceQbSrqqlc/6zDY2gtAE+uZLSdkkovhnGpmCThsvKBFakq4EdY/FF93E8XIw==

commander@^2.20.0:
  version "2.20.0"
  resolved "https://registry.yarnpkg.com/commander/-/commander-2.20.0.tgz#d58bb2b5c1ee8f87b0d340027e9e94e222c5a422"
  integrity sha512-7j2y+40w61zy6YC2iRNpUe/NwhNyoXrYpHMrSunaMG64nRnaf96zO/KMQR4OyN/UnE5KLyEBnKHd4aG3rskjpQ==

concat-map@0.0.1:
  version "0.0.1"
  resolved "https://registry.yarnpkg.com/concat-map/-/concat-map-0.0.1.tgz#d8a96bd77fd68df7793a73036a3ba0d5405d477b"
  integrity sha1-2Klr13/Wjfd5OnMDajug1UBdR3s=

debug@^4.1.1:
  version "4.1.1"
  resolved "https://registry.yarnpkg.com/debug/-/debug-4.1.1.tgz#3b72260255109c6b589cee050f1d516139664791"
  integrity sha512-pYAIzeRo8J6KPEaJ0VWOh5Pzkbw/RetuzehGM7QRRX5he4fPHx2rdKMB256ehJCkX+XRQm16eZLqLNS8RSZXZw==
  dependencies:
    ms "^2.1.1"

extend@^3.0.0:
  version "3.0.2"
  resolved "https://registry.yarnpkg.com/extend/-/extend-3.0.2.tgz#f8b1136b4071fbd8eb140aff858b1019ec2915fa"
  integrity sha512-fjquC59cD7CyW6urNXK0FBufkZcoiGG80wTuPujX590cB5Ttln20E2UB4S/WARVqhXffZl2LNgS+gQdPIIim/g==

fault@^1.0.1:
  version "1.0.2"
  resolved "https://registry.yarnpkg.com/fault/-/fault-1.0.2.tgz#c3d0fec202f172a3a4d414042ad2bb5e2a3ffbaa"
  integrity sha512-o2eo/X2syzzERAtN5LcGbiVQ0WwZSlN3qLtadwAz3X8Bu+XWD16dja/KMsjZLiQr+BLGPDnHGkc4yUJf1Xpkpw==
  dependencies:
    format "^0.2.2"

format@^0.2.2:
  version "0.2.2"
  resolved "https://registry.yarnpkg.com/format/-/format-0.2.2.tgz#d6170107e9efdc4ed30c9dc39016df942b5cb58b"
  integrity sha1-1hcBB+nv3E7TDJ3DkBbflCtctYs=

fs.realpath@^1.0.0:
  version "1.0.0"
  resolved "https://registry.yarnpkg.com/fs.realpath/-/fs.realpath-1.0.0.tgz#1504ad2523158caa40db4a2787cb01411994ea4f"
  integrity sha1-FQStJSMVjKpA20onh8sBQRmU6k8=

glob@^7.1.3:
  version "7.1.3"
  resolved "https://registry.yarnpkg.com/glob/-/glob-7.1.3.tgz#3960832d3f1574108342dafd3a67b332c0969df1"
  integrity sha512-vcfuiIxogLV4DlGBHIUOwI0IbrJ8HWPc4MU7HzviGeNho/UJDfi6B5p3sHeWIQ0KGIU0Jpxi5ZHxemQfLkkAwQ==
  dependencies:
    fs.realpath "^1.0.0"
    inflight "^1.0.4"
    inherits "2"
    minimatch "^3.0.4"
    once "^1.3.0"
    path-is-absolute "^1.0.0"

inflight@^1.0.4:
  version "1.0.6"
  resolved "https://registry.yarnpkg.com/inflight/-/inflight-1.0.6.tgz#49bd6331d7d02d0c09bc910a1075ba8165b56df9"
  integrity sha1-Sb1jMdfQLQwJvJEKEHW6gWW1bfk=
  dependencies:
    once "^1.3.0"
    wrappy "1"

inherits@2, inherits@^2.0.1:
  version "2.0.3"
  resolved "https://registry.yarnpkg.com/inherits/-/inherits-2.0.3.tgz#633c2c83e3da42a502f52466022480f4208261de"
  integrity sha1-Yzwsg+PaQqUC9SRmAiSA9CCCYd4=

is-alphabetical@^1.0.0:
  version "1.0.2"
  resolved "https://registry.yarnpkg.com/is-alphabetical/-/is-alphabetical-1.0.2.tgz#1fa6e49213cb7885b75d15862fb3f3d96c884f41"
  integrity sha512-V0xN4BYezDHcBSKb1QHUFMlR4as/XEuCZBzMJUU4n7+Cbt33SmUnSol+pnXFvLxSHNq2CemUXNdaXV6Flg7+xg==

is-alphanumerical@^1.0.0:
  version "1.0.2"
  resolved "https://registry.yarnpkg.com/is-alphanumerical/-/is-alphanumerical-1.0.2.tgz#1138e9ae5040158dc6ff76b820acd6b7a181fd40"
  integrity sha512-pyfU/0kHdISIgslFfZN9nfY1Gk3MquQgUm1mJTjdkEPpkAKNWuBTSqFwewOpR7N351VkErCiyV71zX7mlQQqsg==
  dependencies:
    is-alphabetical "^1.0.0"
    is-decimal "^1.0.0"

is-buffer@^1.1.4:
  version "1.1.6"
  resolved "https://registry.yarnpkg.com/is-buffer/-/is-buffer-1.1.6.tgz#efaa2ea9daa0d7ab2ea13a97b2b8ad51fefbe8be"
  integrity sha512-NcdALwpXkTm5Zvvbk7owOUSvVvBKDgKP5/ewfXEznmQFfs4ZRmanOeKBTjRVjka3QFoN6XJ+9F3USqfHqTaU5w==

is-decimal@^1.0.0:
  version "1.0.2"
  resolved "https://registry.yarnpkg.com/is-decimal/-/is-decimal-1.0.2.tgz#894662d6a8709d307f3a276ca4339c8fa5dff0ff"
  integrity sha512-TRzl7mOCchnhchN+f3ICUCzYvL9ul7R+TYOsZ8xia++knyZAJfv/uA1FvQXsAnYIl1T3B2X5E/J7Wb1QXiIBXg==

is-hexadecimal@^1.0.0:
  version "1.0.2"
  resolved "https://registry.yarnpkg.com/is-hexadecimal/-/is-hexadecimal-1.0.2.tgz#b6e710d7d07bb66b98cb8cece5c9b4921deeb835"
  integrity sha512-but/G3sapV3MNyqiDBLrOi4x8uCIw0RY3o/Vb5GT0sMFHrVV7731wFSVy41T5FO1og7G0gXLJh0MkgPRouko/A==

is-plain-obj@^1.1.0:
  version "1.1.0"
  resolved "https://registry.yarnpkg.com/is-plain-obj/-/is-plain-obj-1.1.0.tgz#71a50c8429dfca773c92a390a4a03b39fcd51d3e"
  integrity sha1-caUMhCnfync8kqOQpKA7OfzVHT4=

is-whitespace-character@^1.0.0:
  version "1.0.2"
  resolved "https://registry.yarnpkg.com/is-whitespace-character/-/is-whitespace-character-1.0.2.tgz#ede53b4c6f6fb3874533751ec9280d01928d03ed"
  integrity sha512-SzM+T5GKUCtLhlHFKt2SDAX2RFzfS6joT91F2/WSi9LxgFdsnhfPK/UIA+JhRR2xuyLdrCys2PiFDrtn1fU5hQ==

is-word-character@^1.0.0:
  version "1.0.2"
  resolved "https://registry.yarnpkg.com/is-word-character/-/is-word-character-1.0.2.tgz#46a5dac3f2a1840898b91e576cd40d493f3ae553"
  integrity sha512-T3FlsX8rCHAH8e7RE7PfOPZVFQlcV3XRF9eOOBQ1uf70OxO7CjjSOjeImMPCADBdYWcStAbVbYvJ1m2D3tb+EA==

markdown-escapes@^1.0.0:
  version "1.0.2"
  resolved "https://registry.yarnpkg.com/markdown-escapes/-/markdown-escapes-1.0.2.tgz#e639cbde7b99c841c0bacc8a07982873b46d2122"
  integrity sha512-lbRZ2mE3Q9RtLjxZBZ9+IMl68DKIXaVAhwvwn9pmjnPLS0h/6kyBMgNhqi1xFJ/2yv6cSyv0jbiZavZv93JkkA==

minimatch@^3.0.4:
  version "3.0.4"
  resolved "https://registry.yarnpkg.com/minimatch/-/minimatch-3.0.4.tgz#5166e286457f03306064be5497e8dbb0c3d32083"
  integrity sha512-yJHVQEhyqPLUTgt9B83PXu6W3rx4MvvHvSUvToogpwoGDOUQ+yDrR0HRot+yOCdCO7u4hX3pWft6kWBBcqh0UA==
  dependencies:
    brace-expansion "^1.1.7"

ms@^2.1.1:
  version "2.1.1"
  resolved "https://registry.yarnpkg.com/ms/-/ms-2.1.1.tgz#30a5864eb3ebb0a66f2ebe6d727af06a09d86e0a"
  integrity sha512-tgp+dl5cGk28utYktBsrFqA7HKgrhgPsg6Z/EfhWI4gl1Hwq8B/GmY/0oXZ6nF8hDVesS/FpnYaD/kOWhYQvyg==

once@^1.3.0:
  version "1.4.0"
  resolved "https://registry.yarnpkg.com/once/-/once-1.4.0.tgz#583b1aa775961d4b113ac17d9c50baef9dd76bd1"
  integrity sha1-WDsap3WWHUsROsF9nFC6753Xa9E=
  dependencies:
    wrappy "1"

parse-entities@^1.1.0:
  version "1.2.1"
  resolved "https://registry.yarnpkg.com/parse-entities/-/parse-entities-1.2.1.tgz#2c761ced065ba7dc68148580b5a225e4918cdd69"
  integrity sha512-NBWYLQm1KSoDKk7GAHyioLTvCZ5QjdH/ASBBQTD3iLiAWJXS5bg1jEWI8nIJ+vgVvsceBVBcDGRWSo0KVQBvvg==
  dependencies:
    character-entities "^1.0.0"
    character-entities-legacy "^1.0.0"
    character-reference-invalid "^1.0.0"
    is-alphanumerical "^1.0.0"
    is-decimal "^1.0.0"
    is-hexadecimal "^1.0.0"

path-is-absolute@^1.0.0:
  version "1.0.1"
  resolved "https://registry.yarnpkg.com/path-is-absolute/-/path-is-absolute-1.0.1.tgz#174b9268735534ffbc7ace6bf53a5a9e1b5c5f5f"
  integrity sha1-F0uSaHNVNP+8es5r9TpanhtcX18=

remark-frontmatter@^1.2.0:
  version "1.3.1"
  resolved "https://registry.yarnpkg.com/remark-frontmatter/-/remark-frontmatter-1.3.1.tgz#bc28c0c913fa0b9dd26f17304bc47b856b2ea2de"
  integrity sha512-Zj/fDMYnSVgMCeKp8fXIhtMoZq4G6E1dnwfMoO8fVXrm/+oVSiN8YMREtwN2cctgK9EsnYSeS1ExX2hcX/fE1A==
  dependencies:
    fault "^1.0.1"
    xtend "^4.0.1"

remark-parse@^5.0.0:
  version "5.0.0"
  resolved "https://registry.yarnpkg.com/remark-parse/-/remark-parse-5.0.0.tgz#4c077f9e499044d1d5c13f80d7a98cf7b9285d95"
  integrity sha512-b3iXszZLH1TLoyUzrATcTQUZrwNl1rE70rVdSruJFlDaJ9z5aMkhrG43Pp68OgfHndL/ADz6V69Zow8cTQu+JA==
  dependencies:
    collapse-white-space "^1.0.2"
    is-alphabetical "^1.0.0"
    is-decimal "^1.0.0"
    is-whitespace-character "^1.0.0"
    is-word-character "^1.0.0"
    markdown-escapes "^1.0.0"
    parse-entities "^1.1.0"
    repeat-string "^1.5.4"
    state-toggle "^1.0.0"
    trim "0.0.1"
    trim-trailing-lines "^1.0.0"
    unherit "^1.0.4"
    unist-util-remove-position "^1.0.0"
    vfile-location "^2.0.0"
    xtend "^4.0.1"

repeat-string@^1.5.4:
  version "1.6.1"
  resolved "https://registry.yarnpkg.com/repeat-string/-/repeat-string-1.6.1.tgz#8dcae470e1c88abc2d600fff4a776286da75e637"
  integrity sha1-jcrkcOHIirwtYA//Sndihtp15jc=

replace-ext@1.0.0:
  version "1.0.0"
  resolved "https://registry.yarnpkg.com/replace-ext/-/replace-ext-1.0.0.tgz#de63128373fcbf7c3ccfa4de5a480c45a67958eb"
  integrity sha1-3mMSg3P8v3w8z6TeWkgMRaZ5WOs=

state-toggle@^1.0.0:
  version "1.0.1"
  resolved "https://registry.yarnpkg.com/state-toggle/-/state-toggle-1.0.1.tgz#c3cb0974f40a6a0f8e905b96789eb41afa1cde3a"
  integrity sha512-Qe8QntFrrpWTnHwvwj2FZTgv+PKIsp0B9VxLzLLbSpPXWOgRgc5LVj/aTiSfK1RqIeF9jeC1UeOH8Q8y60A7og==

structured-source@^3.0.2:
  version "3.0.2"
  resolved "https://registry.yarnpkg.com/structured-source/-/structured-source-3.0.2.tgz#dd802425e0f53dc4a6e7aca3752901a1ccda7af5"
  integrity sha1-3YAkJeD1PcSm56yjdSkBoczaevU=
  dependencies:
    boundary "^1.0.1"

traverse@^0.6.6:
  version "0.6.6"
  resolved "https://registry.yarnpkg.com/traverse/-/traverse-0.6.6.tgz#cbdf560fd7b9af632502fed40f918c157ea97137"
  integrity sha1-y99WD9e5r2MlAv7UD5GMFX6pcTc=

trim-trailing-lines@^1.0.0:
  version "1.1.1"
  resolved "https://registry.yarnpkg.com/trim-trailing-lines/-/trim-trailing-lines-1.1.1.tgz#e0ec0810fd3c3f1730516b45f49083caaf2774d9"
  integrity sha512-bWLv9BbWbbd7mlqqs2oQYnLD/U/ZqeJeJwbO0FG2zA1aTq+HTvxfHNKFa/HGCVyJpDiioUYaBhfiT6rgk+l4mg==

trim@0.0.1:
  version "0.0.1"
  resolved "https://registry.yarnpkg.com/trim/-/trim-0.0.1.tgz#5858547f6b290757ee95cccc666fb50084c460dd"
  integrity sha1-WFhUf2spB1fulczMZm+1AITEYN0=

trough@^1.0.0:
  version "1.0.3"
  resolved "https://registry.yarnpkg.com/trough/-/trough-1.0.3.tgz#e29bd1614c6458d44869fc28b255ab7857ef7c24"
  integrity sha512-fwkLWH+DimvA4YCy+/nvJd61nWQQ2liO/nF/RjkTpiOGi+zxZzVkhb1mvbHIIW4b/8nDsYI8uTmAlc0nNkRMOw==

typescript@^3.4.5:
  version "3.4.5"
  resolved "https://registry.yarnpkg.com/typescript/-/typescript-3.4.5.tgz#2d2618d10bb566572b8d7aad5180d84257d70a99"
  integrity sha512-YycBxUb49UUhdNMU5aJ7z5Ej2XGmaIBL0x34vZ82fn3hGvD+bgrMrVDpatgz2f7YxUMJxMkbWxJZeAvDxVe7Vw==

unherit@^1.0.4:
  version "1.1.1"
  resolved "https://registry.yarnpkg.com/unherit/-/unherit-1.1.1.tgz#132748da3e88eab767e08fabfbb89c5e9d28628c"
  integrity sha512-+XZuV691Cn4zHsK0vkKYwBEwB74T3IZIcxrgn2E4rKwTfFyI1zCh7X7grwh9Re08fdPlarIdyWgI8aVB3F5A5g==
  dependencies:
    inherits "^2.0.1"
    xtend "^4.0.1"

unified@^6.1.6:
  version "6.2.0"
  resolved "https://registry.yarnpkg.com/unified/-/unified-6.2.0.tgz#7fbd630f719126d67d40c644b7e3f617035f6dba"
  integrity sha512-1k+KPhlVtqmG99RaTbAv/usu85fcSRu3wY8X+vnsEhIxNP5VbVIDiXnLqyKIG+UMdyTg0ZX9EI6k2AfjJkHPtA==
  dependencies:
    bail "^1.0.0"
    extend "^3.0.0"
    is-plain-obj "^1.1.0"
    trough "^1.0.0"
    vfile "^2.0.0"
    x-is-string "^0.1.0"

unist-util-is@^2.1.2:
  version "2.1.2"
  resolved "https://registry.yarnpkg.com/unist-util-is/-/unist-util-is-2.1.2.tgz#1193fa8f2bfbbb82150633f3a8d2eb9a1c1d55db"
  integrity sha512-YkXBK/H9raAmG7KXck+UUpnKiNmUdB+aBGrknfQ4EreE1banuzrKABx3jP6Z5Z3fMSPMQQmeXBlKpCbMwBkxVw==

unist-util-remove-position@^1.0.0:
  version "1.1.2"
  resolved "https://registry.yarnpkg.com/unist-util-remove-position/-/unist-util-remove-position-1.1.2.tgz#86b5dad104d0bbfbeb1db5f5c92f3570575c12cb"
  integrity sha512-XxoNOBvq1WXRKXxgnSYbtCF76TJrRoe5++pD4cCBsssSiWSnPEktyFrFLE8LTk3JW5mt9hB0Sk5zn4x/JeWY7Q==
  dependencies:
    unist-util-visit "^1.1.0"

unist-util-stringify-position@^1.0.0, unist-util-stringify-position@^1.1.1:
  version "1.1.2"
  resolved "https://registry.yarnpkg.com/unist-util-stringify-position/-/unist-util-stringify-position-1.1.2.tgz#3f37fcf351279dcbca7480ab5889bb8a832ee1c6"
  integrity sha512-pNCVrk64LZv1kElr0N1wPiHEUoXNVFERp+mlTg/s9R5Lwg87f9bM/3sQB99w+N9D/qnM9ar3+AKDBwo/gm/iQQ==

unist-util-visit-parents@^2.0.0:
  version "2.0.1"
  resolved "https://registry.yarnpkg.com/unist-util-visit-parents/-/unist-util-visit-parents-2.0.1.tgz#63fffc8929027bee04bfef7d2cce474f71cb6217"
  integrity sha512-6B0UTiMfdWql4cQ03gDTCSns+64Zkfo2OCbK31Ov0uMizEz+CJeAp0cgZVb5Fhmcd7Bct2iRNywejT0orpbqUA==
  dependencies:
    unist-util-is "^2.1.2"

unist-util-visit@^1.1.0:
  version "1.4.0"
  resolved "https://registry.yarnpkg.com/unist-util-visit/-/unist-util-visit-1.4.0.tgz#1cb763647186dc26f5e1df5db6bd1e48b3cc2fb1"
  integrity sha512-FiGu34ziNsZA3ZUteZxSFaczIjGmksfSgdKqBfOejrrfzyUy5b7YrlzT1Bcvi+djkYDituJDy2XB7tGTeBieKw==
  dependencies:
    unist-util-visit-parents "^2.0.0"

vfile-location@^2.0.0:
  version "2.0.4"
  resolved "https://registry.yarnpkg.com/vfile-location/-/vfile-location-2.0.4.tgz#2a5e7297dd0d9e2da4381464d04acc6b834d3e55"
  integrity sha512-KRL5uXQPoUKu+NGvQVL4XLORw45W62v4U4gxJ3vRlDfI9QsT4ZN1PNXn/zQpKUulqGDpYuT0XDfp5q9O87/y/w==

vfile-message@^1.0.0:
  version "1.1.1"
  resolved "https://registry.yarnpkg.com/vfile-message/-/vfile-message-1.1.1.tgz#5833ae078a1dfa2d96e9647886cd32993ab313e1"
  integrity sha512-1WmsopSGhWt5laNir+633LszXvZ+Z/lxveBf6yhGsqnQIhlhzooZae7zV6YVM1Sdkw68dtAW3ow0pOdPANugvA==
  dependencies:
    unist-util-stringify-position "^1.1.1"

vfile@^2.0.0:
  version "2.3.0"
  resolved "https://registry.yarnpkg.com/vfile/-/vfile-2.3.0.tgz#e62d8e72b20e83c324bc6c67278ee272488bf84a"
  integrity sha512-ASt4mBUHcTpMKD/l5Q+WJXNtshlWxOogYyGYYrg4lt/vuRjC1EFQtlAofL5VmtVNIZJzWYFJjzGWZ0Gw8pzW1w==
  dependencies:
    is-buffer "^1.1.4"
    replace-ext "1.0.0"
    unist-util-stringify-position "^1.0.0"
    vfile-message "^1.0.0"

wrappy@1:
  version "1.0.2"
  resolved "https://registry.yarnpkg.com/wrappy/-/wrappy-1.0.2.tgz#b5243d8f3ec1aa35f1364605bc0d1036e30ab69f"
  integrity sha1-tSQ9jz7BqjXxNkYFvA0QNuMKtp8=

x-is-string@^0.1.0:
  version "0.1.0"
  resolved "https://registry.yarnpkg.com/x-is-string/-/x-is-string-0.1.0.tgz#474b50865af3a49a9c4657f05acd145458f77d82"
  integrity sha1-R0tQhlrzpJqcRlfwWs0UVFj3fYI=

xtend@^4.0.1:
  version "4.0.1"
  resolved "https://registry.yarnpkg.com/xtend/-/xtend-4.0.1.tgz#a5c6d532be656e23db820efb943a1f04998d63af"
  integrity sha1-pcbVMr5lbiPbgg77lDofBJmNY68=
